
Microsoft Visual Studio Solution File, Format Version 12.00
# Visual Studio Version 17
VisualStudioVersion = 17.14.36518.9 d17.14
MinimumVisualStudioVersion = 10.0.40219.1
Project("{FAE04EC0-301F-11D3-BF4B-00C04F79EFBC}") = "Markdown", "Markdown\Markdown.csproj", "{CC82D925-9093-438F-9902-D77C17BE27E2}"
EndProject
Global
	GlobalSection(SolutionConfigurationPlatforms) = preSolution
		Debug|Any CPU = Debug|Any CPU
		Release|Any CPU = Release|Any CPU
	EndGlobalSection
	GlobalSection(ProjectConfigurationPlatforms) = postSolution
		{CC82D925-9093-438F-9902-D77C17BE27E2}.Debug|Any CPU.ActiveCfg = Debug|Any CPU
		{CC82D925-9093-438F-9902-D77C17BE27E2}.Debug|Any CPU.Build.0 = Debug|Any CPU
		{CC82D925-9093-438F-9902-D77C17BE27E2}.Release|Any CPU.ActiveCfg = Release|Any CPU
		{CC82D925-9093-438F-9902-D77C17BE27E2}.Release|Any CPU.Build.0 = Release|Any CPU
	EndGlobalSection
	GlobalSection(SolutionProperties) = preSolution
		HideSolutionNode = FALSE
	EndGlobalSection
	GlobalSection(ExtensibilityGlobals) = postSolution
		SolutionGuid = {98D77781-CEFC-485E-B999-F293C74D9DE5}
	EndGlobalSection
EndGlobal
